Microsoft Visual Studio Solution File, Format Version 12.00
# Visual Studio Version 17
VisualStudioVersion = 17.5.2.0
MinimumVisualStudioVersion = 10.0.40219.1
Project("{FAE04EC0-301F-11D3-BF4B-00C04F79EFBC}") = "CA1_Que1", "CA1_Que1.csproj", "{AED4E5AD-DB25-DCB0-C989-44E4A24336BB}"
EndProject
Global
	GlobalSection(SolutionConfigurationPlatforms) = preSolution
		Debug|Any CPU = Debug|Any CPU
		Release|Any CPU = Release|Any CPU
	EndGlobalSection
	GlobalSection(ProjectConfigurationPlatforms) = postSolution
		{AED4E5AD-DB25-DCB0-C989-44E4A24336BB}.Debug|Any CPU.ActiveCfg = Debug|Any CPU
		{AED4E5AD-DB25-DCB0-C989-44E4A24336BB}.Debug|Any CPU.Build.0 = Debug|Any CPU
		{AED4E5AD-DB25-DCB0-C989-44E4A24336BB}.Release|Any CPU.ActiveCfg = Release|Any CPU
		{AED4E5AD-DB25-DCB0-C989-44E4A24336BB}.Release|Any CPU.Build.0 = Release|Any CPU
	EndGlobalSection
	GlobalSection(SolutionProperties) = preSolution
		HideSolutionNode = FALSE
	EndGlobalSection
	GlobalSection(ExtensibilityGlobals) = postSolution
		SolutionGuid = {5739C47E-C985-442C-8111-F7C629E2D70F}
	EndGlobalSection
EndGlobal
